
Microsoft Visual Studio Solution File, Format Version 12.00
# Visual Studio 14
VisualStudioVersion = 14.0.25123.0
MinimumVisualStudioVersion = 10.0.40219.1
Project("{FAE04EC0-301F-11D3-BF4B-00C04F79EFBC}") = "VSBS.WebServiceCEP", "VSBS.WebServiceCEP\VSBS.WebServiceCEP.csproj", "{CEA16A9A-2108-47AB-9FBF-B7DE97AECF00}"
EndProject
Global
	GlobalSection(SolutionConfigurationPlatforms) = preSolution
		Debug|Any CPU = Debug|Any CPU
		Release|Any CPU = Release|Any CPU
	EndGlobalSection
	GlobalSection(ProjectConfigurationPlatforms) = postSolution
		{CEA16A9A-2108-47AB-9FBF-B7DE97AECF00}.Debug|Any CPU.ActiveCfg = Debug|Any CPU
		{CEA16A9A-2108-47AB-9FBF-B7DE97AECF00}.Debug|Any CPU.Build.0 = Debug|Any CPU
		{CEA16A9A-2108-47AB-9FBF-B7DE97AECF00}.Release|Any CPU.ActiveCfg = Release|Any CPU
		{CEA16A9A-2108-47AB-9FBF-B7DE97AECF00}.Release|Any CPU.Build.0 = Release|Any CPU
	EndGlobalSection
	GlobalSection(SolutionProperties) = preSolution
		HideSolutionNode = FALSE
	EndGlobalSection
EndGlobal
